// !$*UTF8*$!
{
	archiveVersion = 1;
	classes = {
	};
	objectVersion = 46;
	objects = {

/* Begin PBXBuildFile section */
		FE064E41197A371A0013BC97 /* Foundation.framework in Frameworks */ = {isa = PBXBuildFile; fileRef = FE064E40197A371A0013BC97 /* Foundation.framework */; };
		FE064E43197A371A0013BC97 /* CoreGraphics.framework in Frameworks */ = {isa = PBXBuildFile; fileRef = FE064E42197A371A0013BC97 /* CoreGraphics.framework */; };
		FE064E45197A371A0013BC97 /* UIKit.framework in Frameworks */ = {isa = PBXBuildFile; fileRef = FE064E44197A371A0013BC97 /* UIKit.framework */; };
		FE064E4B197A371A0013BC97 /* InfoPlist.strings in Resources */ = {isa = PBXBuildFile; fileRef = FE064E49197A371A0013BC97 /* InfoPlist.strings */; };
		FE064E4D197A371A0013BC97 /* main.m in Sources */ = {isa = PBXBuildFile; fileRef = FE064E4C197A371A0013BC97 /* main.m */; };
		FE064E51197A371A0013BC97 /* AppDelegate.m in Sources */ = {isa = PBXBuildFile; fileRef = FE064E50197A371A0013BC97 /* AppDelegate.m */; };
		FE064E54197A371A0013BC97 /* Main_iPhone.storyboard in Resources */ = {isa = PBXBuildFile; fileRef = FE064E52197A371A0013BC97 /* Main_iPhone.storyboard */; };
		FE064E57197A371A0013BC97 /* Main_iPad.storyboard in Resources */ = {isa = PBXBuildFile; fileRef = FE064E55197A371A0013BC97 /* Main_iPad.storyboard */; };
		FE064E5A197A371A0013BC97 /* NoticeViewController.m in Sources */ = {isa = PBXBuildFile; fileRef = FE064E59197A371A0013BC97 /* NoticeViewController.m */; };
		FE064E5C197A371A0013BC97 /* Images.xcassets in Resources */ = {isa = PBXBuildFile; fileRef = FE064E5B197A371A0013BC97 /* Images.xcassets */; };
		FE064E63197A371A0013BC97 /* XCTest.framework in Frameworks */ = {isa = PBXBuildFile; fileRef = FE064E62197A371A0013BC97 /* XCTest.framework */; };
		FE064E64197A371A0013BC97 /* Foundation.framework in Frameworks */ = {isa = PBXBuildFile; fileRef = FE064E40197A371A0013BC97 /* Foundation.framework */; };
		FE064E65197A371A0013BC97 /* UIKit.framework in Frameworks */ = {isa = PBXBuildFile; fileRef = FE064E44197A371A0013BC97 /* UIKit.framework */; };
		FE064E6D197A371A0013BC97 /* InfoPlist.strings in Resources */ = {isa = PBXBuildFile; fileRef = FE064E6B197A371A0013BC97 /* InfoPlist.strings */; };
		FE064E6F197A371A0013BC97 /* BibleReadingTests.m in Sources */ = {isa = PBXBuildFile; fileRef = FE064E6E197A371A0013BC97 /* BibleReadingTests.m */; };
		FE064E90197A42670013BC97 /* list_tk.png in Resources */ = {isa = PBXBuildFile; fileRef = FE064E8A197A42670013BC97 /* list_tk.png */; };
		FE064E91197A42670013BC97 /* profile_tk.png in Resources */ = {isa = PBXBuildFile; fileRef = FE064E8B197A42670013BC97 /* profile_tk.png */; };
		FE064E93197A42670013BC97 /* RNFrostedSidebar.m in Sources */ = {isa = PBXBuildFile; fileRef = FE064E8F197A42670013BC97 /* RNFrostedSidebar.m */; };
		FE064E96197A47D10013BC97 /* image_tk.png in Resources */ = {isa = PBXBuildFile; fileRef = FE064E94197A47D10013BC97 /* image_tk.png */; };
		FE064E97197A47D10013BC97 /* video_tk.png in Resources */ = {isa = PBXBuildFile; fileRef = FE064E95197A47D10013BC97 /* video_tk.png */; };
		FE064E9A197A4D2C0013BC97 /* Calendar-Month.png in Resources */ = {isa = PBXBuildFile; fileRef = FE064E98197A4D2C0013BC97 /* Calendar-Month.png */; };
		FE064E9B197A4D2C0013BC97 /* Chats.png in Resources */ = {isa = PBXBuildFile; fileRef = FE064E99197A4D2C0013BC97 /* Chats.png */; };
		FE064E9D197A4D330013BC97 /* Gear.png in Resources */ = {isa = PBXBuildFile; fileRef = FE064E9C197A4D330013BC97 /* Gear.png */; };
		FE064EA7197A50240013BC97 /* RDVCalendarDayCell.m in Sources */ = {isa = PBXBuildFile; fileRef = FE064EA0197A50240013BC97 /* RDVCalendarDayCell.m */; };
		FE064EA8197A50240013BC97 /* RDVCalendarView.m in Sources */ = {isa = PBXBuildFile; fileRef = FE064EA2197A50240013BC97 /* RDVCalendarView.m */; };
		FE064EA9197A50240013BC97 /* RDVCalendarViewController.m in Sources */ = {isa = PBXBuildFile; fileRef = FE064EA4197A50240013BC97 /* RDVCalendarViewController.m */; };
		FE064EAA197A50240013BC97 /* RDVExampleDayCell.m in Sources */ = {isa = PBXBuildFile; fileRef = FE064EA6197A50240013BC97 /* RDVExampleDayCell.m */; };
		FE064EAD197A5CD50013BC97 /* CalendarViewController.m in Sources */ = {isa = PBXBuildFile; fileRef = FE064EAC197A5CD50013BC97 /* CalendarViewController.m */; };
		FE63A295197A72D7003E3099 /* SettingViewController.m in Sources */ = {isa = PBXBuildFile; fileRef = FE63A294197A72D7003E3099 /* SettingViewController.m */; };
		FE63A298197A7AEC003E3099 /* ReadViewController.m in Sources */ = {isa = PBXBuildFile; fileRef = FE63A297197A7AEC003E3099 /* ReadViewController.m */; };
		FE63A2A5197CAF6F003E3099 /* FMDatabase.m in Sources */ = {isa = PBXBuildFile; fileRef = FE63A29B197CAF6F003E3099 /* FMDatabase.m */; };
		FE63A2A6197CAF6F003E3099 /* FMDatabaseAdditions.m in Sources */ = {isa = PBXBuildFile; fileRef = FE63A29D197CAF6F003E3099 /* FMDatabaseAdditions.m */; };
		FE63A2A7197CAF6F003E3099 /* FMDatabasePool.m in Sources */ = {isa = PBXBuildFile; fileRef = FE63A29F197CAF6F003E3099 /* FMDatabasePool.m */; };
		FE63A2A8197CAF6F003E3099 /* FMDatabaseQueue.m in Sources */ = {isa = PBXBuildFile; fileRef = FE63A2A1197CAF6F003E3099 /* FMDatabaseQueue.m */; };
		FE63A2A9197CAF6F003E3099 /* FMResultSet.m in Sources */ = {isa = PBXBuildFile; fileRef = FE63A2A4197CAF6F003E3099 /* FMResultSet.m */; };
		FE63A2AC197CAF9B003E3099 /* DataBase.m in Sources */ = {isa = PBXBuildFile; fileRef = FE63A2AB197CAF9B003E3099 /* DataBase.m */; };
		FE63A2AE197CB41F003E3099 /* libsqlite3.0.dylib in Frameworks */ = {isa = PBXBuildFile; fileRef = FE63A2AD197CB41F003E3099 /* libsqlite3.0.dylib */; };
		FE63A2B5197CDC8C003E3099 /* Bibile_Read_BaseDB.db in Resources */ = {isa = PBXBuildFile; fileRef = FE63A2B4197CDC8C003E3099 /* Bibile_Read_BaseDB.db */; };
		FE77F2C3199F6C3500BD8F02 /* Localizable.strings in Resources */ = {isa = PBXBuildFile; fileRef = FE77F2C5199F6C3500BD8F02 /* Localizable.strings */; };
		FE8C7B9F19970FEA00122385 /* Chat.png in Resources */ = {isa = PBXBuildFile; fileRef = FE8C7B9E19970FEA00122385 /* Chat.png */; };
/* End PBXBuildFile section */

/* Begin PBXContainerItemProxy section */
		FE064E66197A371A0013BC97 /* PBXContainerItemProxy */ = {
			isa = PBXContainerItemProxy;
			containerPortal = FE064E35197A371A0013BC97 /* Project object */;
			proxyType = 1;
			remoteGlobalIDString = FE064E3C197A371A0013BC97;
			remoteInfo = BibleReading;
		};
/* End PBXContainerItemProxy section */

/* Begin PBXFileReference section */
		FE064E3D197A371A0013BC97 /* BibleReading.app */ = {isa = PBXFileReference; explicitFileType = wrapper.application; includeInIndex = 0; path = BibleReading.app; sourceTree = BUILT_PRODUCTS_DIR; };
		FE064E40197A371A0013BC97 /* Foundation.framework */ = {isa = PBXFileReference; lastKnownFileType = wrapper.framework; name = Foundation.framework; path = System/Library/Frameworks/Foundation.framework; sourceTree = SDKROOT; };
		FE064E42197A371A0013BC97 /* CoreGraphics.framework */ = {isa = PBXFileReference; lastKnownFileType = wrapper.framework; name = CoreGraphics.framework; path = System/Library/Frameworks/CoreGraphics.framework; sourceTree = SDKROOT; };
		FE064E44197A371A0013BC97 /* UIKit.framework */ = {isa = PBXFileReference; lastKnownFileType = wrapper.framework; name = UIKit.framework; path = System/Library/Frameworks/UIKit.framework; sourceTree = SDKROOT; };
		FE064E48197A371A0013BC97 /* BibleReading-Info.plist */ = {isa = PBXFileReference; lastKnownFileType = text.plist.xml; path = "BibleReading-Info.plist"; sourceTree = "<group>"; };
		FE064E4A197A371A0013BC97 /* en */ = {isa = PBXFileReference; lastKnownFileType = text.plist.strings; name = en; path = en.lproj/InfoPlist.strings; sourceTree = "<group>"; };
		FE064E4C197A371A0013BC97 /* main.m */ = {isa = PBXFileReference; lastKnownFileType = sourcecode.c.objc; path = main.m; sourceTree = "<group>"; };
		FE064E4E197A371A0013BC97 /* BibleReading-Prefix.pch */ = {isa = PBXFileReference; lastKnownFileType = sourcecode.c.h; path = "BibleReading-Prefix.pch"; sourceTree = "<group>"; };
		FE064E4F197A371A0013BC97 /* AppDelegate.h */ = {isa = PBXFileReference; lastKnownFileType = sourcecode.c.h; path = AppDelegate.h; sourceTree = "<group>"; };
		FE064E50197A371A0013BC97 /* AppDelegate.m */ = {isa = PBXFileReference; lastKnownFileType = sourcecode.c.objc; path = AppDelegate.m; sourceTree = "<group>"; };
		FE064E53197A371A0013BC97 /* Base */ = {isa = PBXFileReference; lastKnownFileType = file.storyboard; name = Base; path = Base.lproj/Main_iPhone.storyboard; sourceTree = "<group>"; };
		FE064E56197A371A0013BC97 /* Base */ = {isa = PBXFileReference; lastKnownFileType = file.storyboard; name = Base; path = Base.lproj/Main_iPad.storyboard; sourceTree = "<group>"; };
		FE064E58197A371A0013BC97 /* NoticeViewController.h */ = {isa = PBXFileReference; lastKnownFileType = sourcecode.c.h; path = NoticeViewController.h; sourceTree = "<group>"; };
		FE064E59197A371A0013BC97 /* NoticeViewController.m */ = {isa = PBXFileReference; lastKnownFileType = sourcecode.c.objc; path = NoticeViewController.m; sourceTree = "<group>"; };
		FE064E5B197A371A0013BC97 /* Images.xcassets */ = {isa = PBXFileReference; lastKnownFileType = folder.assetcatalog; path = Images.xcassets; sourceTree = "<group>"; };
		FE064E61197A371A0013BC97 /* BibleReadingTests.xctest */ = {isa = PBXFileReference; explicitFileType = wrapper.cfbundle; includeInIndex = 0; path = BibleReadingTests.xctest; sourceTree = BUILT_PRODUCTS_DIR; };
		FE064E62197A371A0013BC97 /* XCTest.framework */ = {isa = PBXFileReference; lastKnownFileType = wrapper.framework; name = XCTest.framework; path = Library/Frameworks/XCTest.framework; sourceTree = DEVELOPER_DIR; };
		FE064E6A197A371A0013BC97 /* BibleReadingTests-Info.plist */ = {isa = PBXFileReference; lastKnownFileType = text.plist.xml; path = "BibleReadingTests-Info.plist"; sourceTree = "<group>"; };
		FE064E6C197A371A0013BC97 /* en */ = {isa = PBXFileReference; lastKnownFileType = text.plist.strings; name = en; path = en.lproj/InfoPlist.strings; sourceTree = "<group>"; };
		FE064E6E197A371A0013BC97 /* BibleReadingTests.m */ = {isa = PBXFileReference; lastKnownFileType = sourcecode.c.objc; path = BibleReadingTests.m; sourceTree = "<group>"; };
		FE064E8A197A42670013BC97 /* list_tk.png */ = {isa = PBXFileReference; lastKnownFileType = image.png; path = list_tk.png; sourceTree = "<group>"; };
		FE064E8B197A42670013BC97 /* profile_tk.png */ = {isa = PBXFileReference; lastKnownFileType = image.png; path = profile_tk.png; sourceTree = "<group>"; };
		FE064E8E197A42670013BC97 /* RNFrostedSidebar.h */ = {isa = PBXFileReference; fileEncoding = 4; lastKnownFileType = sourcecode.c.h; path = RNFrostedSidebar.h; sourceTree = "<group>"; };
		FE064E8F197A42670013BC97 /* RNFrostedSidebar.m */ = {isa = PBXFileReference; fileEncoding = 4; lastKnownFileType = sourcecode.c.objc; path = RNFrostedSidebar.m; sourceTree = "<group>"; };
		FE064E94197A47D10013BC97 /* image_tk.png */ = {isa = PBXFileReference; lastKnownFileType = image.png; path = image_tk.png; sourceTree = "<group>"; };
		FE064E95197A47D10013BC97 /* video_tk.png */ = {isa = PBXFileReference; lastKnownFileType = image.png; path = video_tk.png; sourceTree = "<group>"; };
		FE064E98197A4D2C0013BC97 /* Calendar-Month.png */ = {isa = PBXFileReference; lastKnownFileType = image.png; path = "Calendar-Month.png"; sourceTree = "<group>"; };
		FE064E99197A4D2C0013BC97 /* Chats.png */ = {isa = PBXFileReference; lastKnownFileType = image.png; path = Chats.png; sourceTree = "<group>"; };
		FE064E9C197A4D330013BC97 /* Gear.png */ = {isa = PBXFileReference; lastKnownFileType = image.png; path = Gear.png; sourceTree = "<group>"; };
		FE064E9F197A50240013BC97 /* RDVCalendarDayCell.h */ = {isa = PBXFileReference; fileEncoding = 4; lastKnownFileType = sourcecode.c.h; path = RDVCalendarDayCell.h; sourceTree = "<group>"; };
		FE064EA0197A50240013BC97 /* RDVCalendarDayCell.m */ = {isa = PBXFileReference; fileEncoding = 4; lastKnownFileType = sourcecode.c.objc; path = RDVCalendarDayCell.m; sourceTree = "<group>"; };
		FE064EA1197A50240013BC97 /* RDVCalendarView.h */ = {isa = PBXFileReference; fileEncoding = 4; lastKnownFileType = sourcecode.c.h; path = RDVCalendarView.h; sourceTree = "<group>"; };
		FE064EA2197A50240013BC97 /* RDVCalendarView.m */ = {isa = PBXFileReference; fileEncoding = 4; lastKnownFileType = sourcecode.c.objc; path = RDVCalendarView.m; sourceTree = "<group>"; };
		FE064EA3197A50240013BC97 /* RDVCalendarViewController.h */ = {isa = PBXFileReference; fileEncoding = 4; lastKnownFileType = sourcecode.c.h; path = RDVCalendarViewController.h; sourceTree = "<group>"; };
		FE064EA4197A50240013BC97 /* RDVCalendarViewController.m */ = {isa = PBXFileReference; fileEncoding = 4; lastKnownFileType = sourcecode.c.objc; path = RDVCalendarViewController.m; sourceTree = "<group>"; };
		FE064EA5197A50240013BC97 /* RDVExampleDayCell.h */ = {isa = PBXFileReference; fileEncoding = 4; lastKnownFileType = sourcecode.c.h; path = RDVExampleDayCell.h; sourceTree = "<group>"; };
		FE064EA6197A50240013BC97 /* RDVExampleDayCell.m */ = {isa = PBXFileReference; fileEncoding = 4; lastKnownFileType = sourcecode.c.objc; path = RDVExampleDayCell.m; sourceTree = "<group>"; };
		FE064EAB197A5CD50013BC97 /* CalendarViewController.h */ = {isa = PBXFileReference; fileEncoding = 4; lastKnownFileType = sourcecode.c.h; path = CalendarViewController.h; sourceTree = "<group>"; };
		FE064EAC197A5CD50013BC97 /* CalendarViewController.m */ = {isa = PBXFileReference; fileEncoding = 4; lastKnownFileType = sourcecode.c.objc; path = CalendarViewController.m; sourceTree = "<group>"; };
		FE63A293197A72D7003E3099 /* SettingViewController.h */ = {isa = PBXFileReference; fileEncoding = 4; lastKnownFileType = sourcecode.c.h; path = SettingViewController.h; sourceTree = "<group>"; };
		FE63A294197A72D7003E3099 /* SettingViewController.m */ = {isa = PBXFileReference; fileEncoding = 4; lastKnownFileType = sourcecode.c.objc; path = SettingViewController.m; sourceTree = "<group>"; };
		FE63A296197A7AEC003E3099 /* ReadViewController.h */ = {isa = PBXFileReference; fileEncoding = 4; lastKnownFileType = sourcecode.c.h; path = ReadViewController.h; sourceTree = "<group>"; };
		FE63A297197A7AEC003E3099 /* ReadViewController.m */ = {isa = PBXFileReference; fileEncoding = 4; lastKnownFileType = sourcecode.c.objc; path = ReadViewController.m; sourceTree = "<group>"; };
		FE63A29A197CAF6F003E3099 /* FMDatabase.h */ = {isa = PBXFileReference; fileEncoding = 4; lastKnownFileType = sourcecode.c.h; path = FMDatabase.h; sourceTree = "<group>"; };
		FE63A29B197CAF6F003E3099 /* FMDatabase.m */ = {isa = PBXFileReference; fileEncoding = 4; lastKnownFileType = sourcecode.c.objc; path = FMDatabase.m; sourceTree = "<group>"; };
		FE63A29C197CAF6F003E3099 /* FMDatabaseAdditions.h */ = {isa = PBXFileReference; fileEncoding = 4; lastKnownFileType = sourcecode.c.h; path = FMDatabaseAdditions.h; sourceTree = "<group>"; };
		FE63A29D197CAF6F003E3099 /* FMDatabaseAdditions.m */ = {isa = PBXFileReference; fileEncoding = 4; lastKnownFileType = sourcecode.c.objc; path = FMDatabaseAdditions.m; sourceTree = "<group>"; };
		FE63A29E197CAF6F003E3099 /* FMDatabasePool.h */ = {isa = PBXFileReference; fileEncoding = 4; lastKnownFileType = sourcecode.c.h; path = FMDatabasePool.h; sourceTree = "<group>"; };
		FE63A29F197CAF6F003E3099 /* FMDatabasePool.m */ = {isa = PBXFileReference; fileEncoding = 4; lastKnownFileType = sourcecode.c.objc; path = FMDatabasePool.m; sourceTree = "<group>"; };
		FE63A2A0197CAF6F003E3099 /* FMDatabaseQueue.h */ = {isa = PBXFileReference; fileEncoding = 4; lastKnownFileType = sourcecode.c.h; path = FMDatabaseQueue.h; sourceTree = "<group>"; };
		FE63A2A1197CAF6F003E3099 /* FMDatabaseQueue.m */ = {isa = PBXFileReference; fileEncoding = 4; lastKnownFileType = sourcecode.c.objc; path = FMDatabaseQueue.m; sourceTree = "<group>"; };
		FE63A2A2197CAF6F003E3099 /* FMDB.h */ = {isa = PBXFileReference; fileEncoding = 4; lastKnownFileType = sourcecode.c.h; path = FMDB.h; sourceTree = "<group>"; };
		FE63A2A3197CAF6F003E3099 /* FMResultSet.h */ = {isa = PBXFileReference; fileEncoding = 4; lastKnownFileType = sourcecode.c.h; path = FMResultSet.h; sourceTree = "<group>"; };
		FE63A2A4197CAF6F003E3099 /* FMResultSet.m */ = {isa = PBXFileReference; fileEncoding = 4; lastKnownFileType = sourcecode.c.objc; path = FMResultSet.m; sourceTree = "<group>"; };
		FE63A2AA197CAF9B003E3099 /* DataBase.h */ = {isa = PBXFileReference; fileEncoding = 4; lastKnownFileType = sourcecode.c.h; path = DataBase.h; sourceTree = "<group>"; };
		FE63A2AB197CAF9B003E3099 /* DataBase.m */ = {isa = PBXFileReference; fileEncoding = 4; lastKnownFileType = sourcecode.c.objc; path = DataBase.m; sourceTree = "<group>"; };
		FE63A2AD197CB41F003E3099 /* libsqlite3.0.dylib */ = {isa = PBXFileReference; lastKnownFileType = "compiled.mach-o.dylib"; name = libsqlite3.0.dylib; path = usr/lib/libsqlite3.0.dylib; sourceTree = SDKROOT; };
		FE63A2B4197CDC8C003E3099 /* Bibile_Read_BaseDB.db */ = {isa = PBXFileReference; lastKnownFileType = file; name = Bibile_Read_BaseDB.db; path = BibleReading/Bibile_Read_BaseDB.db; sourceTree = "<group>"; };
		FE77F2C4199F6C3500BD8F02 /* en */ = {isa = PBXFileReference; lastKnownFileType = text.plist.strings; name = en; path = en.lproj/Localizable.strings; sourceTree = "<group>"; };
		FE77F2C6199F6CB500BD8F02 /* ja */ = {isa = PBXFileReference; lastKnownFileType = text.plist.strings; name = ja; path = ja.lproj/Main_iPhone.strings; sourceTree = "<group>"; };
		FE77F2C7199F6CB500BD8F02 /* ja */ = {isa = PBXFileReference; lastKnownFileType = text.plist.strings; name = ja; path = ja.lproj/Main_iPad.strings; sourceTree = "<group>"; };
		FE77F2C8199F6CB500BD8F02 /* ja */ = {isa = PBXFileReference; lastKnownFileType = text.plist.strings; name = ja; path = ja.lproj/Localizable.strings; sourceTree = "<group>"; };
		FE77F2C9199F6CB500BD8F02 /* ja */ = {isa = PBXFileReference; lastKnownFileType = text.plist.strings; name = ja; path = ja.lproj/InfoPlist.strings; sourceTree = "<group>"; };
		FE77F2CA199F6CB500BD8F02 /* ja */ = {isa = PBXFileReference; lastKnownFileType = text.plist.strings; name = ja; path = ja.lproj/InfoPlist.strings; sourceTree = "<group>"; };
		FE77F2CB199F6CD400BD8F02 /* zh-Hans */ = {isa = PBXFileReference; lastKnownFileType = text.plist.strings; name = "zh-Hans"; path = "zh-Hans.lproj/Main_iPhone.strings"; sourceTree = "<group>"; };
		FE77F2CC199F6CD400BD8F02 /* zh-Hans */ = {isa = PBXFileReference; lastKnownFileType = text.plist.strings; name = "zh-Hans"; path = "zh-Hans.lproj/Main_iPad.strings"; sourceTree = "<group>"; };
		FE77F2CD199F6CD400BD8F02 /* zh-Hans */ = {isa = PBXFileReference; lastKnownFileType = text.plist.strings; name = "zh-Hans"; path = "zh-Hans.lproj/Localizable.strings"; sourceTree = "<group>"; };
		FE77F2CE199F6CD400BD8F02 /* zh-Hans */ = {isa = PBXFileReference; lastKnownFileType = text.plist.strings; name = "zh-Hans"; path = "zh-Hans.lproj/InfoPlist.strings"; sourceTree = "<group>"; };
		FE77F2CF199F6CD400BD8F02 /* zh-Hans */ = {isa = PBXFileReference; lastKnownFileType = text.plist.strings; name = "zh-Hans"; path = "zh-Hans.lproj/InfoPlist.strings"; sourceTree = "<group>"; };
		FE8C7B9E19970FEA00122385 /* Chat.png */ = {isa = PBXFileReference; lastKnownFileType = image.png; path = Chat.png; sourceTree = "<group>"; };
/* End PBXFileReference section */

/* Begin PBXFrameworksBuildPhase section */
		FE064E3A197A371A0013BC97 /* Frameworks */ = {
			isa = PBXFrameworksBuildPhase;
			buildActionMask = 2147483647;
			files = (
				FE63A2AE197CB41F003E3099 /* libsqlite3.0.dylib in Frameworks */,
				FE064E43197A371A0013BC97 /* CoreGraphics.framework in Frameworks */,
				FE064E45197A371A0013BC97 /* UIKit.framework in Frameworks */,
				FE064E41197A371A0013BC97 /* Foundation.framework in Frameworks */,
			);
			runOnlyForDeploymentPostprocessing = 0;
		};
		FE064E5E197A371A0013BC97 /* Frameworks */ = {
			isa = PBXFrameworksBuildPhase;
			buildActionMask = 2147483647;
			files = (
				FE064E63197A371A0013BC97 /* XCTest.framework in Frameworks */,
				FE064E65197A371A0013BC97 /* UIKit.framework in Frameworks */,
				FE064E64197A371A0013BC97 /* Foundation.framework in Frameworks */,
			);
			runOnlyForDeploymentPostprocessing = 0;
		};
/* End PBXFrameworksBuildPhase section */

/* Begin PBXGroup section */
		FE064E34197A371A0013BC97 = {
			isa = PBXGroup;
			children = (
				FE63A2B4197CDC8C003E3099 /* Bibile_Read_BaseDB.db */,
				FE064E46197A371A0013BC97 /* BibleReading */,
				FE064E68197A371A0013BC97 /* BibleReadingTests */,
				FE064E3F197A371A0013BC97 /* Frameworks */,
				FE064E3E197A371A0013BC97 /* Products */,
			);
			sourceTree = "<group>";
		};
		FE064E3E197A371A0013BC97 /* Products */ = {
			isa = PBXGroup;
			children = (
				FE064E3D197A371A0013BC97 /* BibleReading.app */,
				FE064E61197A371A0013BC97 /* BibleReadingTests.xctest */,
			);
			name = Products;
			sourceTree = "<group>";
		};
		FE064E3F197A371A0013BC97 /* Frameworks */ = {
			isa = PBXGroup;
			children = (
				FE63A2AD197CB41F003E3099 /* libsqlite3.0.dylib */,
				FE064E40197A371A0013BC97 /* Foundation.framework */,
				FE064E42197A371A0013BC97 /* CoreGraphics.framework */,
				FE064E44197A371A0013BC97 /* UIKit.framework */,
				FE064E62197A371A0013BC97 /* XCTest.framework */,
			);
			name = Frameworks;
			sourceTree = "<group>";
		};
		FE064E46197A371A0013BC97 /* BibleReading */ = {
			isa = PBXGroup;
			children = (
				FE63A299197CAF6F003E3099 /* fmdb */,
				FE064E9E197A50240013BC97 /* RDVCalendarView */,
				FE064E89197A42670013BC97 /* souce */,
				FE064E4F197A371A0013BC97 /* AppDelegate.h */,
				FE064E50197A371A0013BC97 /* AppDelegate.m */,
				FE064E52197A371A0013BC97 /* Main_iPhone.storyboard */,
				FE064E55197A371A0013BC97 /* Main_iPad.storyboard */,
				FE064EAB197A5CD50013BC97 /* CalendarViewController.h */,
				FE064EAC197A5CD50013BC97 /* CalendarViewController.m */,
				FE63A296197A7AEC003E3099 /* ReadViewController.h */,
				FE63A297197A7AEC003E3099 /* ReadViewController.m */,
				FE63A293197A72D7003E3099 /* SettingViewController.h */,
				FE63A294197A72D7003E3099 /* SettingViewController.m */,
				FE064E58197A371A0013BC97 /* NoticeViewController.h */,
				FE064E59197A371A0013BC97 /* NoticeViewController.m */,
				FE63A2AA197CAF9B003E3099 /* DataBase.h */,
				FE63A2AB197CAF9B003E3099 /* DataBase.m */,
				FE064E5B197A371A0013BC97 /* Images.xcassets */,
				FE064E47197A371A0013BC97 /* Supporting Files */,
			);
			path = BibleReading;
			sourceTree = "<group>";
		};
		FE064E47197A371A0013BC97 /* Supporting Files */ = {
			isa = PBXGroup;
			children = (
				FE77F2C5199F6C3500BD8F02 /* Localizable.strings */,
				FE064E48197A371A0013BC97 /* BibleReading-Info.plist */,
				FE064E49197A371A0013BC97 /* InfoPlist.strings */,
				FE064E4C197A371A0013BC97 /* main.m */,
				FE064E4E197A371A0013BC97 /* BibleReading-Prefix.pch */,
			);
			name = "Supporting Files";
			sourceTree = "<group>";
		};
		FE064E68197A371A0013BC97 /* BibleReadingTests */ = {
			isa = PBXGroup;
			children = (
				FE064E6E197A371A0013BC97 /* BibleReadingTests.m */,
				FE064E69197A371A0013BC97 /* Supporting Files */,
			);
			path = BibleReadingTests;
			sourceTree = "<group>";
		};
		FE064E69197A371A0013BC97 /* Supporting Files */ = {
			isa = PBXGroup;
			children = (
				FE064E6A197A371A0013BC97 /* BibleReadingTests-Info.plist */,
				FE064E6B197A371A0013BC97 /* InfoPlist.strings */,
			);
			name = "Supporting Files";
			sourceTree = "<group>";
		};
		FE064E89197A42670013BC97 /* souce */ = {
			isa = PBXGroup;
			children = (
				FE8C7B9E19970FEA00122385 /* Chat.png */,
				FE064E94197A47D10013BC97 /* image_tk.png */,
				FE064E98197A4D2C0013BC97 /* Calendar-Month.png */,
				FE064E9C197A4D330013BC97 /* Gear.png */,
				FE064E99197A4D2C0013BC97 /* Chats.png */,
				FE064E95197A47D10013BC97 /* video_tk.png */,
				FE064E8A197A42670013BC97 /* list_tk.png */,
				FE064E8B197A42670013BC97 /* profile_tk.png */,
				FE064E8E197A42670013BC97 /* RNFrostedSidebar.h */,
				FE064E8F197A42670013BC97 /* RNFrostedSidebar.m */,
			);
			path = souce;
			sourceTree = "<group>";
		};
		FE064E9E197A50240013BC97 /* RDVCalendarView */ = {
			isa = PBXGroup;
			children = (
				FE064E9F197A50240013BC97 /* RDVCalendarDayCell.h */,
				FE064EA0197A50240013BC97 /* RDVCalendarDayCell.m */,
				FE064EA1197A50240013BC97 /* RDVCalendarView.h */,
				FE064EA2197A50240013BC97 /* RDVCalendarView.m */,
				FE064EA3197A50240013BC97 /* RDVCalendarViewController.h */,
				FE064EA4197A50240013BC97 /* RDVCalendarViewController.m */,
				FE064EA5197A50240013BC97 /* RDVExampleDayCell.h */,
				FE064EA6197A50240013BC97 /* RDVExampleDayCell.m */,
			);
			path = RDVCalendarView;
			sourceTree = "<group>";
		};
		FE63A299197CAF6F003E3099 /* fmdb */ = {
			isa = PBXGroup;
			children = (
				FE63A29A197CAF6F003E3099 /* FMDatabase.h */,
				FE63A29B197CAF6F003E3099 /* FMDatabase.m */,
				FE63A29C197CAF6F003E3099 /* FMDatabaseAdditions.h */,
				FE63A29D197CAF6F003E3099 /* FMDatabaseAdditions.m */,
				FE63A29E197CAF6F003E3099 /* FMDatabasePool.h */,
				FE63A29F197CAF6F003E3099 /* FMDatabasePool.m */,
				FE63A2A0197CAF6F003E3099 /* FMDatabaseQueue.h */,
				FE63A2A1197CAF6F003E3099 /* FMDatabaseQueue.m */,
				FE63A2A2197CAF6F003E3099 /* FMDB.h */,
				FE63A2A3197CAF6F003E3099 /* FMResultSet.h */,
				FE63A2A4197CAF6F003E3099 /* FMResultSet.m */,
			);
			path = fmdb;
			sourceTree = "<group>";
		};
/* End PBXGroup section */

/* Begin PBXNativeTarget section */
		FE064E3C197A371A0013BC97 /* BibleReading */ = {
			isa = PBXNativeTarget;
			buildConfigurationList = FE064E72197A371A0013BC97 /* Build configuration list for PBXNativeTarget "BibleReading" */;
			buildPhases = (
				FE064E39197A371A0013BC97 /* Sources */,
				FE064E3A197A371A0013BC97 /* Frameworks */,
				FE064E3B197A371A0013BC97 /* Resources */,
			);
			buildRules = (
			);
			dependencies = (
			);
			name = BibleReading;
			productName = BibleReading;
			productReference = FE064E3D197A371A0013BC97 /* BibleReading.app */;
			productType = "com.apple.product-type.application";
		};
		FE064E60197A371A0013BC97 /* BibleReadingTests */ = {
			isa = PBXNativeTarget;
			buildConfigurationList = FE064E75197A371A0013BC97 /* Build configuration list for PBXNativeTarget "BibleReadingTests" */;
			buildPhases = (
				FE064E5D197A371A0013BC97 /* Sources */,
				FE064E5E197A371A0013BC97 /* Frameworks */,
				FE064E5F197A371A0013BC97 /* Resources */,
			);
			buildRules = (
			);
			dependencies = (
				FE064E67197A371A0013BC97 /* PBXTargetDependency */,
			);
			name = BibleReadingTests;
			productName = BibleReadingTests;
			productReference = FE064E61197A371A0013BC97 /* BibleReadingTests.xctest */;
			productType = "com.apple.product-type.bundle.unit-test";
		};
/* End PBXNativeTarget section */

/* Begin PBXProject section */
		FE064E35197A371A0013BC97 /* Project object */ = {
			isa = PBXProject;
			attributes = {
				LastUpgradeCheck = 0510;
				ORGANIZATIONNAME = YuZ;
				TargetAttributes = {
					FE064E60197A371A0013BC97 = {
						TestTargetID = FE064E3C197A371A0013BC97;
					};
				};
			};
			buildConfigurationList = FE064E38197A371A0013BC97 /* Build configuration list for PBXProject "BibleReading" */;
			compatibilityVersion = "Xcode 3.2";
			developmentRegion = English;
			hasScannedForEncodings = 0;
			knownRegions = (
				en,
				Base,
				ja,
				"zh-Hans",
			);
			mainGroup = FE064E34197A371A0013BC97;
			productRefGroup = FE064E3E197A371A0013BC97 /* Products */;
			projectDirPath = "";
			projectRoot = "";
			targets = (
				FE064E3C197A371A0013BC97 /* BibleReading */,
				FE064E60197A371A0013BC97 /* BibleReadingTests */,
			);
		};
/* End PBXProject section */

/* Begin PBXResourcesBuildPhase section */
		FE064E3B197A371A0013BC97 /* Resources */ = {
			isa = PBXResourcesBuildPhase;
			buildActionMask = 2147483647;
			files = (
				FE63A2B5197CDC8C003E3099 /* Bibile_Read_BaseDB.db in Resources */,
				FE064E96197A47D10013BC97 /* image_tk.png in Resources */,
				FE064E9A197A4D2C0013BC97 /* Calendar-Month.png in Resources */,
				FE77F2C3199F6C3500BD8F02 /* Localizable.strings in Resources */,
				FE064E91197A42670013BC97 /* profile_tk.png in Resources */,
				FE064E57197A371A0013BC97 /* Main_iPad.storyboard in Resources */,
				FE064E5C197A371A0013BC97 /* Images.xcassets in Resources */,
				FE064E97197A47D10013BC97 /* video_tk.png in Resources */,
				FE064E9D197A4D330013BC97 /* Gear.png in Resources */,
				FE8C7B9F19970FEA00122385 /* Chat.png in Resources */,
				FE064E90197A42670013BC97 /* list_tk.png in Resources */,
				FE064E9B197A4D2C0013BC97 /* Chats.png in Resources */,
				FE064E54197A371A0013BC97 /* Main_iPhone.storyboard in Resources */,
				FE064E4B197A371A0013BC97 /* InfoPlist.strings in Resources */,
			);
			runOnlyForDeploymentPostprocessing = 0;
		};
		FE064E5F197A371A0013BC97 /* Resources */ = {
			isa = PBXResourcesBuildPhase;
			buildActionMask = 2147483647;
			files = (
				FE064E6D197A371A0013BC97 /* InfoPlist.strings in Resources */,
			);
			runOnlyForDeploymentPostprocessing = 0;
		};
/* End PBXResourcesBuildPhase section */

/* Begin PBXSourcesBuildPhase section */
		FE064E39197A371A0013BC97 /* Sources */ = {
			isa = PBXSourcesBuildPhase;
			buildActionMask = 2147483647;
			files = (
				FE064EA7197A50240013BC97 /* RDVCalendarDayCell.m in Sources */,
				FE064EAD197A5CD50013BC97 /* CalendarViewController.m in Sources */,
				FE064E5A197A371A0013BC97 /* NoticeViewController.m in Sources */,
				FE63A2AC197CAF9B003E3099 /* DataBase.m in Sources */,
				FE63A2A5197CAF6F003E3099 /* FMDatabase.m in Sources */,
				FE064EA9197A50240013BC97 /* RDVCalendarViewController.m in Sources */,
				FE63A2A8197CAF6F003E3099 /* FMDatabaseQueue.m in Sources */,
				FE63A2A9197CAF6F003E3099 /* FMResultSet.m in Sources */,
				FE064E93197A42670013BC97 /* RNFrostedSidebar.m in Sources */,
				FE63A298197A7AEC003E3099 /* ReadViewController.m in Sources */,
				FE064EAA197A50240013BC97 /* RDVExampleDayCell.m in Sources */,
				FE63A2A6197CAF6F003E3099 /* FMDatabaseAdditions.m in Sources */,
				FE064EA8197A50240013BC97 /* RDVCalendarView.m in Sources */,
				FE064E51197A371A0013BC97 /* AppDelegate.m in Sources */,
				FE63A2A7197CAF6F003E3099 /* FMDatabasePool.m in Sources */,
				FE064E4D197A371A0013BC97 /* main.m in Sources */,
				FE63A295197A72D7003E3099 /* SettingViewController.m in Sources */,
			);
			runOnlyForDeploymentPostprocessing = 0;
		};
		FE064E5D197A371A0013BC97 /* Sources */ = {
			isa = PBXSourcesBuildPhase;
			buildActionMask = 2147483647;
			files = (
				FE064E6F197A371A0013BC97 /* BibleReadingTests.m in Sources */,
			);
			runOnlyForDeploymentPostprocessing = 0;
		};
/* End PBXSourcesBuildPhase section */

/* Begin PBXTargetDependency section */
		FE064E67197A371A0013BC97 /* PBXTargetDependency */ = {
			isa = PBXTargetDependency;
			target = FE064E3C197A371A0013BC97 /* BibleReading */;
			targetProxy = FE064E66197A371A0013BC97 /* PBXContainerItemProxy */;
		};
/* End PBXTargetDependency section */

/* Begin PBXVariantGroup section */
		FE064E49197A371A0013BC97 /* InfoPlist.strings */ = {
			isa = PBXVariantGroup;
			children = (
				FE064E4A197A371A0013BC97 /* en */,
				FE77F2C9199F6CB500BD8F02 /* ja */,
				FE77F2CE199F6CD400BD8F02 /* zh-Hans */,
			);
			name = InfoPlist.strings;
			sourceTree = "<group>";
		};
		FE064E52197A371A0013BC97 /* Main_iPhone.storyboard */ = {
			isa = PBXVariantGroup;
			children = (
				FE064E53197A371A0013BC97 /* Base */,
				FE77F2C6199F6CB500BD8F02 /* ja */,
				FE77F2CB199F6CD400BD8F02 /* zh-Hans */,
			);
			name = Main_iPhone.storyboard;
			sourceTree = "<group>";
		};
		FE064E55197A371A0013BC97 /* Main_iPad.storyboard */ = {
			isa = PBXVariantGroup;
			children = (
				FE064E56197A371A0013BC97 /* Base */,
				FE77F2C7199F6CB500BD8F02 /* ja */,
				FE77F2CC199F6CD400BD8F02 /* zh-Hans */,
			);
			name = Main_iPad.storyboard;
			sourceTree = "<group>";
		};
		FE064E6B197A371A0013BC97 /* InfoPlist.strings */ = {
			isa = PBXVariantGroup;
			children = (
				FE064E6C197A371A0013BC97 /* en */,
				FE77F2CA199F6CB500BD8F02 /* ja */,
				FE77F2CF199F6CD400BD8F02 /* zh-Hans */,
			);
			name = InfoPlist.strings;
			sourceTree = "<group>";
		};
		FE77F2C5199F6C3500BD8F02 /* Localizable.strings */ = {
			isa = PBXVariantGroup;
			children = (
				FE77F2C4199F6C3500BD8F02 /* en */,
				FE77F2C8199F6CB500BD8F02 /* ja */,
				FE77F2CD199F6CD400BD8F02 /* zh-Hans */,
			);
			name = Localizable.strings;
			sourceTree = "<group>";
		};
/* End PBXVariantGroup section */

/* Begin XCBuildConfiguration section */
		FE064E70197A371A0013BC97 /* Debug */ = {
			isa = XCBuildConfiguration;
			buildSettings = {
				ALWAYS_SEARCH_USER_PATHS = NO;
				CLANG_CXX_LANGUAGE_STANDARD = "gnu++0x";
				CLANG_CXX_LIBRARY = "libc++";
				CLANG_ENABLE_MODULES = YES;
				CLANG_ENABLE_OBJC_ARC = YES;
				CLANG_WARN_BOOL_CONVERSION = YES;
				CLANG_WARN_CONSTANT_CONVERSION = YES;
				CLANG_WARN_DIRECT_OBJC_ISA_USAGE = YES_ERROR;
				CLANG_WARN_EMPTY_BODY = YES;
				CLANG_WARN_ENUM_CONVERSION = YES;
				CLANG_WARN_INT_CONVERSION = YES;
				CLANG_WARN_OBJC_ROOT_CLASS = YES_ERROR;
				CLANG_WARN__DUPLICATE_METHOD_MATCH = YES;
				"CODE_SIGN_IDENTITY[sdk=iphoneos*]" = "iPhone Developer";
				COPY_PHASE_STRIP = NO;
				GCC_C_LANGUAGE_STANDARD = gnu99;
				GCC_DYNAMIC_NO_PIC = NO;
				GCC_OPTIMIZATION_LEVEL = 0;
				GCC_PREPROCESSOR_DEFINITIONS = (
					"DEBUG=1",
					"$(inherited)",
				);
				GCC_SYMBOLS_PRIVATE_EXTERN = NO;
				GCC_WARN_64_TO_32_BIT_CONVERSION = YES;
				GCC_WARN_ABOUT_RETURN_TYPE = YES_ERROR;
				GCC_WARN_UNDECLARED_SELECTOR = YES;
				GCC_WARN_UNINITIALIZED_AUTOS = YES_AGGRESSIVE;
				GCC_WARN_UNUSED_FUNCTION = YES;
				GCC_WARN_UNUSED_VARIABLE = YES;
				IPHONEOS_DEPLOYMENT_TARGET = 7.1;
				ONLY_ACTIVE_ARCH = YES;
				SDKROOT = iphoneos;
				TARGETED_DEVICE_FAMILY = "1,2";
			};
			name = Debug;
		};
		FE064E71197A371A0013BC97 /* Release */ = {
			isa = XCBuildConfiguration;
			buildSettings = {
				ALWAYS_SEARCH_USER_PATHS = NO;
				CLANG_CXX_LANGUAGE_STANDARD = "gnu++0x";
				CLANG_CXX_LIBRARY = "libc++";
				CLANG_ENABLE_MODULES = YES;
				CLANG_ENABLE_OBJC_ARC = YES;
				CLANG_WARN_BOOL_CONVERSION = YES;
				CLANG_WARN_CONSTANT_CONVERSION = YES;
				CLANG_WARN_DIRECT_OBJC_ISA_USAGE = YES_ERROR;
				CLANG_WARN_EMPTY_BODY = YES;
				CLANG_WARN_ENUM_CONVERSION = YES;
				CLANG_WARN_INT_CONVERSION = YES;
				CLANG_WARN_OBJC_ROOT_CLASS = YES_ERROR;
				CLANG_WARN__DUPLICATE_METHOD_MATCH = YES;
				"CODE_SIGN_IDENTITY[sdk=iphoneos*]" = "iPhone Developer";
				COPY_PHASE_STRIP = YES;
				ENABLE_NS_ASSERTIONS = NO;
				GCC_C_LANGUAGE_STANDARD = gnu99;
				GCC_WARN_64_TO_32_BIT_CONVERSION = YES;
				GCC_WARN_ABOUT_RETURN_TYPE = YES_ERROR;
				GCC_WARN_UNDECLARED_SELECTOR = YES;
				GCC_WARN_UNINITIALIZED_AUTOS = YES_AGGRESSIVE;
				GCC_WARN_UNUSED_FUNCTION = YES;
				GCC_WARN_UNUSED_VARIABLE = YES;
				IPHONEOS_DEPLOYMENT_TARGET = 7.1;
				SDKROOT = iphoneos;
				TARGETED_DEVICE_FAMILY = "1,2";
				VALIDATE_PRODUCT = YES;
			};
			name = Release;
		};
		FE064E73197A371A0013BC97 /* Debug */ = {
			isa = XCBuildConfiguration;
			buildSettings = {
				ASSETCATALOG_COMPILER_APPICON_NAME = AppIcon;
				ASSETCATALOG_COMPILER_LAUNCHIMAGE_NAME = LaunchImage;
				GCC_PRECOMPILE_PREFIX_HEADER = YES;
				GCC_PREFIX_HEADER = "BibleReading/BibleReading-Prefix.pch";
				INFOPLIST_FILE = "BibleReading/BibleReading-Info.plist";
				PRODUCT_NAME = "$(TARGET_NAME)";
				PROVISIONING_PROFILE = "94C0DE4E-5608-4013-B585-63A120613856";
				WRAPPER_EXTENSION = app;
			};
			name = Debug;
		};
		FE064E74197A371A0013BC97 /* Release */ = {
			isa = XCBuildConfiguration;
			buildSettings = {
				ASSETCATALOG_COMPILER_APPICON_NAME = AppIcon;
				ASSETCATALOG_COMPILER_LAUNCHIMAGE_NAME = LaunchImage;
				GCC_PRECOMPILE_PREFIX_HEADER = YES;
				GCC_PREFIX_HEADER = "BibleReading/BibleReading-Prefix.pch";
				INFOPLIST_FILE = "BibleReading/BibleReading-Info.plist";
				PRODUCT_NAME = "$(TARGET_NAME)";
				PROVISIONING_PROFILE = "94C0DE4E-5608-4013-B585-63A120613856";
				WRAPPER_EXTENSION = app;
			};
			name = Release;
		};
		FE064E76197A371A0013BC97 /* Debug */ = {
			isa = XCBuildConfiguration;
			buildSettings = {
				BUNDLE_LOADER = "$(BUILT_PRODUCTS_DIR)/BibleReading.app/BibleReading";
				FRAMEWORK_SEARCH_PATHS = (
					"$(SDKROOT)/Developer/Library/Frameworks",
					"$(inherited)",
					"$(DEVELOPER_FRAMEWORKS_DIR)",
				);
				GCC_PRECOMPILE_PREFIX_HEADER = YES;
				GCC_PREFIX_HEADER = "BibleReading/BibleReading-Prefix.pch";
				GCC_PREPROCESSOR_DEFINITIONS = (
					"DEBUG=1",
					"$(inherited)",
				);
				INFOPLIST_FILE = "BibleReadingTests/BibleReadingTests-Info.plist";
				PRODUCT_NAME = "$(TARGET_NAME)";
				TEST_HOST = "$(BUNDLE_LOADER)";
				WRAPPER_EXTENSION = xctest;
			};
			name = Debug;
		};
		FE064E77197A371A0013BC97 /* Release */ = {
			isa = XCBuildConfiguration;
			buildSettings = {
				BUNDLE_LOADER = "$(BUILT_PRODUCTS_DIR)/BibleReading.app/BibleReading";
				FRAMEWORK_SEARCH_PATHS = (
					"$(SDKROOT)/Developer/Library/Frameworks",
					"$(inherited)",
					"$(DEVELOPER_FRAMEWORKS_DIR)",
				);
				GCC_PRECOMPILE_PREFIX_HEADER = YES;
				GCC_PREFIX_HEADER = "BibleReading/BibleReading-Prefix.pch";
				INFOPLIST_FILE = "BibleReadingTests/BibleReadingTests-Info.plist";
				PRODUCT_NAME = "$(TARGET_NAME)";
				TEST_HOST = "$(BUNDLE_LOADER)";
				WRAPPER_EXTENSION = xctest;
			};
			name = Release;
		};
/* End XCBuildConfiguration section */

/* Begin XCConfigurationList section */
		FE064E38197A371A0013BC97 /* Build configuration list for PBXProject "BibleReading" */ = {
			isa = XCConfigurationList;
			buildConfigurations = (
				FE064E70197A371A0013BC97 /* Debug */,
				FE064E71197A371A0013BC97 /* Release */,
			);
			defaultConfigurationIsVisible = 0;
			defaultConfigurationName = Release;
		};
		FE064E72197A371A0013BC97 /* Build configuration list for PBXNativeTarget "BibleReading" */ = {
			isa = XCConfigurationList;
			buildConfigurations = (
				FE064E73197A371A0013BC97 /* Debug */,
				FE064E74197A371A0013BC97 /* Release */,
			);
			defaultConfigurationIsVisible = 0;
			defaultConfigurationName = Release;
		};
		FE064E75197A371A0013BC97 /* Build configuration list for PBXNativeTarget "BibleReadingTests" */ = {
			isa = XCConfigurationList;
			buildConfigurations = (
				FE064E76197A371A0013BC97 /* Debug */,
				FE064E77197A371A0013BC97 /* Release */,
			);
			defaultConfigurationIsVisible = 0;
			defaultConfigurationName = Release;
		};
/* End XCConfigurationList section */
	};
	rootObject = FE064E35197A371A0013BC97 /* Project object */;
}
